
Microsoft Visual Studio Solution File, Format Version 12.00
# Visual Studio Version 17
VisualStudioVersion = 17.8.34330.188
MinimumVisualStudioVersion = 10.0.40219.1
Project("{888888A0-9F3D-457C-B088-3A5042F75D52}") = "numerologia", "numerologia\numerologia.pyproj", "{101B4CE7-3C44-41D1-BD42-2FD28C68BB91}"
EndProject
Global
	GlobalSection(SolutionConfigurationPlatforms) = preSolution
		Debug|Any CPU = Debug|Any CPU
		Release|Any CPU = Release|Any CPU
	EndGlobalSection
	GlobalSection(ProjectConfigurationPlatforms) = postSolution
		{101B4CE7-3C44-41D1-BD42-2FD28C68BB91}.Debug|Any CPU.ActiveCfg = Debug|Any CPU
		{101B4CE7-3C44-41D1-BD42-2FD28C68BB91}.Release|Any CPU.ActiveCfg = Release|Any CPU
	EndGlobalSection
	GlobalSection(SolutionProperties) = preSolution
		HideSolutionNode = FALSE
	EndGlobalSection
	GlobalSection(ExtensibilityGlobals) = postSolution
		SolutionGuid = {D4088396-321C-4174-B7C1-09B094B4DD5E}
	EndGlobalSection
EndGlobal
